
Microsoft Visual Studio Solution File, Format Version 12.00
# Visual Studio Version 17
VisualStudioVersion = 17.8.34525.116
MinimumVisualStudioVersion = 10.0.40219.1
Project("{9A19103F-16F7-4668-BE54-9A1E7A4F7556}") = "Rock Paper Scissors", "Rock Paper Scissors\Rock Paper Scissors.csproj", "{1A8E8697-359F-4000-8458-41A75C91BAB5}"
EndProject
Project("{FAE04EC0-301F-11D3-BF4B-00C04F79EFBC}") = "UnitTest", "UnitTest\UnitTest.csproj", "{5742D3E6-51B5-44F5-B859-D20DF18294F0}"
EndProject
Global
	GlobalSection(SolutionConfigurationPlatforms) = preSolution
		Debug|Any CPU = Debug|Any CPU
		Release|Any CPU = Release|Any CPU
	EndGlobalSection
	GlobalSection(ProjectConfigurationPlatforms) = postSolution
		{1A8E8697-359F-4000-8458-41A75C91BAB5}.Debug|Any CPU.ActiveCfg = Debug|Any CPU
		{1A8E8697-359F-4000-8458-41A75C91BAB5}.Debug|Any CPU.Build.0 = Debug|Any CPU
		{1A8E8697-359F-4000-8458-41A75C91BAB5}.Release|Any CPU.ActiveCfg = Release|Any CPU
		{1A8E8697-359F-4000-8458-41A75C91BAB5}.Release|Any CPU.Build.0 = Release|Any CPU
		{5742D3E6-51B5-44F5-B859-D20DF18294F0}.Debug|Any CPU.ActiveCfg = Debug|Any CPU
		{5742D3E6-51B5-44F5-B859-D20DF18294F0}.Debug|Any CPU.Build.0 = Debug|Any CPU
		{5742D3E6-51B5-44F5-B859-D20DF18294F0}.Release|Any CPU.ActiveCfg = Release|Any CPU
		{5742D3E6-51B5-44F5-B859-D20DF18294F0}.Release|Any CPU.Build.0 = Release|Any CPU
	EndGlobalSection
	GlobalSection(SolutionProperties) = preSolution
		HideSolutionNode = FALSE
	EndGlobalSection
	GlobalSection(ExtensibilityGlobals) = postSolution
		SolutionGuid = {7E6C22FC-7431-4C2B-A31D-B7B9FEDDD41C}
	EndGlobalSection
EndGlobal
